
Microsoft Visual Studio Solution File, Format Version 12.00
# Visual Studio Version 17
VisualStudioVersion = 17.0.31903.59
MinimumVisualStudioVersion = 10.0.40219.1
Project("{FAE04EC0-301F-11D3-BF4B-00C04F79EFBC}") = "01.BoxingUnboxing", "01.BoxingUnboxing\01.BoxingUnboxing.csproj", "{22086CD7-F719-413F-996A-C346E8F8D75D}"
EndProject
Project("{FAE04EC0-301F-11D3-BF4B-00C04F79EFBC}") = "02.BoxingUnboxing", "02.BoxingUnboxing\02.BoxingUnboxing.csproj", "{D09235A4-2C76-4FE9-818B-D943ABF9620A}"
EndProject
Project("{FAE04EC0-301F-11D3-BF4B-00C04F79EFBC}") = "03.NonGenericCollections", "03.NonGenericCollections\03.NonGenericCollections.csproj", "{98388D91-ABAA-4CD9-A19C-645092A98D87}"
EndProject
Project("{FAE04EC0-301F-11D3-BF4B-00C04F79EFBC}") = "04.GenericCollections", "04.GenericCollections\04.GenericCollections.csproj", "{AFA985ED-CDCE-4A5A-B3C3-14C05A4530BE}"
EndProject
Project("{FAE04EC0-301F-11D3-BF4B-00C04F79EFBC}") = "05.ValueToObject", "05.ValueToObject\05.ValueToObject.csproj", "{56302288-CAE5-421F-B3B8-0572DF1BDBB3}"
EndProject
Project("{FAE04EC0-301F-11D3-BF4B-00C04F79EFBC}") = "06.StringInterpolation", "06.StringInterpolation\06.StringInterpolation.csproj", "{944E5BA7-1A00-46F8-AB7C-426972AB8EF6}"
EndProject
Project("{FAE04EC0-301F-11D3-BF4B-00C04F79EFBC}") = "07.StringInterpolation", "07.StringInterpolation\07.StringInterpolation.csproj", "{3570E470-32B5-47FC-888E-74E53AFE629A}"
EndProject
Project("{FAE04EC0-301F-11D3-BF4B-00C04F79EFBC}") = "08.StructCopy", "08.StructCopy\08.StructCopy.csproj", "{BD8EDF43-D1A3-4B58-9204-EC876F7E1888}"
EndProject
Project("{FAE04EC0-301F-11D3-BF4B-00C04F79EFBC}") = "09.BoxingBenchmark", "09.BoxingBenchmark\09.BoxingBenchmark.csproj", "{F7B76D6E-94AA-4B8C-A2C7-C528684885DA}"
EndProject
Project("{FAE04EC0-301F-11D3-BF4B-00C04F79EFBC}") = "10.InterfaceBoxing", "10.InterfaceBoxing\10.InterfaceBoxing.csproj", "{68A11BA4-B656-49EB-B72B-1B732B1ECCC0}"
EndProject
Global
	GlobalSection(SolutionConfigurationPlatforms) = preSolution
		Debug|Any CPU = Debug|Any CPU
		Debug|x64 = Debug|x64
		Debug|x86 = Debug|x86
		Release|Any CPU = Release|Any CPU
		Release|x64 = Release|x64
		Release|x86 = Release|x86
	EndGlobalSection
	GlobalSection(ProjectConfigurationPlatforms) = postSolution
		{22086CD7-F719-413F-996A-C346E8F8D75D}.Debug|Any CPU.ActiveCfg = Debug|Any CPU
		{22086CD7-F719-413F-996A-C346E8F8D75D}.Debug|Any CPU.Build.0 = Debug|Any CPU
		{22086CD7-F719-413F-996A-C346E8F8D75D}.Debug|x64.ActiveCfg = Debug|Any CPU
		{22086CD7-F719-413F-996A-C346E8F8D75D}.Debug|x64.Build.0 = Debug|Any CPU
		{22086CD7-F719-413F-996A-C346E8F8D75D}.Debug|x86.ActiveCfg = Debug|Any CPU
		{22086CD7-F719-413F-996A-C346E8F8D75D}.Debug|x86.Build.0 = Debug|Any CPU
		{22086CD7-F719-413F-996A-C346E8F8D75D}.Release|Any CPU.ActiveCfg = Release|Any CPU
		{22086CD7-F719-413F-996A-C346E8F8D75D}.Release|Any CPU.Build.0 = Release|Any CPU
		{22086CD7-F719-413F-996A-C346E8F8D75D}.Release|x64.ActiveCfg = Release|Any CPU
		{22086CD7-F719-413F-996A-C346E8F8D75D}.Release|x64.Build.0 = Release|Any CPU
		{22086CD7-F719-413F-996A-C346E8F8D75D}.Release|x86.ActiveCfg = Release|Any CPU
		{22086CD7-F719-413F-996A-C346E8F8D75D}.Release|x86.Build.0 = Release|Any CPU
		{D09235A4-2C76-4FE9-818B-D943ABF9620A}.Debug|Any CPU.ActiveCfg = Debug|Any CPU
		{D09235A4-2C76-4FE9-818B-D943ABF9620A}.Debug|Any CPU.Build.0 = Debug|Any CPU
		{D09235A4-2C76-4FE9-818B-D943ABF9620A}.Debug|x64.ActiveCfg = Debug|Any CPU
		{D09235A4-2C76-4FE9-818B-D943ABF9620A}.Debug|x64.Build.0 = Debug|Any CPU
		{D09235A4-2C76-4FE9-818B-D943ABF9620A}.Debug|x86.ActiveCfg = Debug|Any CPU
		{D09235A4-2C76-4FE9-818B-D943ABF9620A}.Debug|x86.Build.0 = Debug|Any CPU
		{D09235A4-2C76-4FE9-818B-D943ABF9620A}.Release|Any CPU.ActiveCfg = Release|Any CPU
		{D09235A4-2C76-4FE9-818B-D943ABF9620A}.Release|Any CPU.Build.0 = Release|Any CPU
		{D09235A4-2C76-4FE9-818B-D943ABF9620A}.Release|x64.ActiveCfg = Release|Any CPU
		{D09235A4-2C76-4FE9-818B-D943ABF9620A}.Release|x64.Build.0 = Release|Any CPU
		{D09235A4-2C76-4FE9-818B-D943ABF9620A}.Release|x86.ActiveCfg = Release|Any CPU
		{D09235A4-2C76-4FE9-818B-D943ABF9620A}.Release|x86.Build.0 = Release|Any CPU
		{98388D91-ABAA-4CD9-A19C-645092A98D87}.Debug|Any CPU.ActiveCfg = Debug|Any CPU
		{98388D91-ABAA-4CD9-A19C-645092A98D87}.Debug|Any CPU.Build.0 = Debug|Any CPU
		{98388D91-ABAA-4CD9-A19C-645092A98D87}.Debug|x64.ActiveCfg = Debug|Any CPU
		{98388D91-ABAA-4CD9-A19C-645092A98D87}.Debug|x64.Build.0 = Debug|Any CPU
		{98388D91-ABAA-4CD9-A19C-645092A98D87}.Debug|x86.ActiveCfg = Debug|Any CPU
		{98388D91-ABAA-4CD9-A19C-645092A98D87}.Debug|x86.Build.0 = Debug|Any CPU
		{98388D91-ABAA-4CD9-A19C-645092A98D87}.Release|Any CPU.ActiveCfg = Release|Any CPU
		{98388D91-ABAA-4CD9-A19C-645092A98D87}.Release|Any CPU.Build.0 = Release|Any CPU
		{98388D91-ABAA-4CD9-A19C-645092A98D87}.Release|x64.ActiveCfg = Release|Any CPU
		{98388D91-ABAA-4CD9-A19C-645092A98D87}.Release|x64.Build.0 = Release|Any CPU
		{98388D91-ABAA-4CD9-A19C-645092A98D87}.Release|x86.ActiveCfg = Release|Any CPU
		{98388D91-ABAA-4CD9-A19C-645092A98D87}.Release|x86.Build.0 = Release|Any CPU
		{AFA985ED-CDCE-4A5A-B3C3-14C05A4530BE}.Debug|Any CPU.ActiveCfg = Debug|Any CPU
		{AFA985ED-CDCE-4A5A-B3C3-14C05A4530BE}.Debug|Any CPU.Build.0 = Debug|Any CPU
		{AFA985ED-CDCE-4A5A-B3C3-14C05A4530BE}.Debug|x64.ActiveCfg = Debug|Any CPU
		{AFA985ED-CDCE-4A5A-B3C3-14C05A4530BE}.Debug|x64.Build.0 = Debug|Any CPU
		{AFA985ED-CDCE-4A5A-B3C3-14C05A4530BE}.Debug|x86.ActiveCfg = Debug|Any CPU
		{AFA985ED-CDCE-4A5A-B3C3-14C05A4530BE}.Debug|x86.Build.0 = Debug|Any CPU
		{AFA985ED-CDCE-4A5A-B3C3-14C05A4530BE}.Release|Any CPU.ActiveCfg = Release|Any CPU
		{AFA985ED-CDCE-4A5A-B3C3-14C05A4530BE}.Release|Any CPU.Build.0 = Release|Any CPU
		{AFA985ED-CDCE-4A5A-B3C3-14C05A4530BE}.Release|x64.ActiveCfg = Release|Any CPU
		{AFA985ED-CDCE-4A5A-B3C3-14C05A4530BE}.Release|x64.Build.0 = Release|Any CPU
		{AFA985ED-CDCE-4A5A-B3C3-14C05A4530BE}.Release|x86.ActiveCfg = Release|Any CPU
		{AFA985ED-CDCE-4A5A-B3C3-14C05A4530BE}.Release|x86.Build.0 = Release|Any CPU
		{56302288-CAE5-421F-B3B8-0572DF1BDBB3}.Debug|Any CPU.ActiveCfg = Debug|Any CPU
		{56302288-CAE5-421F-B3B8-0572DF1BDBB3}.Debug|Any CPU.Build.0 = Debug|Any CPU
		{56302288-CAE5-421F-B3B8-0572DF1BDBB3}.Debug|x64.ActiveCfg = Debug|Any CPU
		{56302288-CAE5-421F-B3B8-0572DF1BDBB3}.Debug|x64.Build.0 = Debug|Any CPU
		{56302288-CAE5-421F-B3B8-0572DF1BDBB3}.Debug|x86.ActiveCfg = Debug|Any CPU
		{56302288-CAE5-421F-B3B8-0572DF1BDBB3}.Debug|x86.Build.0 = Debug|Any CPU
		{56302288-CAE5-421F-B3B8-0572DF1BDBB3}.Release|Any CPU.ActiveCfg = Release|Any CPU
		{56302288-CAE5-421F-B3B8-0572DF1BDBB3}.Release|Any CPU.Build.0 = Release|Any CPU
		{56302288-CAE5-421F-B3B8-0572DF1BDBB3}.Release|x64.ActiveCfg = Release|Any CPU
		{56302288-CAE5-421F-B3B8-0572DF1BDBB3}.Release|x64.Build.0 = Release|Any CPU
		{56302288-CAE5-421F-B3B8-0572DF1BDBB3}.Release|x86.ActiveCfg = Release|Any CPU
		{56302288-CAE5-421F-B3B8-0572DF1BDBB3}.Release|x86.Build.0 = Release|Any CPU
		{944E5BA7-1A00-46F8-AB7C-426972AB8EF6}.Debug|Any CPU.ActiveCfg = Debug|Any CPU
		{944E5BA7-1A00-46F8-AB7C-426972AB8EF6}.Debug|Any CPU.Build.0 = Debug|Any CPU
		{944E5BA7-1A00-46F8-AB7C-426972AB8EF6}.Debug|x64.ActiveCfg = Debug|Any CPU
		{944E5BA7-1A00-46F8-AB7C-426972AB8EF6}.Debug|x64.Build.0 = Debug|Any CPU
		{944E5BA7-1A00-46F8-AB7C-426972AB8EF6}.Debug|x86.ActiveCfg = Debug|Any CPU
		{944E5BA7-1A00-46F8-AB7C-426972AB8EF6}.Debug|x86.Build.0 = Debug|Any CPU
		{944E5BA7-1A00-46F8-AB7C-426972AB8EF6}.Release|Any CPU.ActiveCfg = Release|Any CPU
		{944E5BA7-1A00-46F8-AB7C-426972AB8EF6}.Release|Any CPU.Build.0 = Release|Any CPU
		{944E5BA7-1A00-46F8-AB7C-426972AB8EF6}.Release|x64.ActiveCfg = Release|Any CPU
		{944E5BA7-1A00-46F8-AB7C-426972AB8EF6}.Release|x64.Build.0 = Release|Any CPU
		{944E5BA7-1A00-46F8-AB7C-426972AB8EF6}.Release|x86.ActiveCfg = Release|Any CPU
		{944E5BA7-1A00-46F8-AB7C-426972AB8EF6}.Release|x86.Build.0 = Release|Any CPU
		{3570E470-32B5-47FC-888E-74E53AFE629A}.Debug|Any CPU.ActiveCfg = Debug|Any CPU
		{3570E470-32B5-47FC-888E-74E53AFE629A}.Debug|Any CPU.Build.0 = Debug|Any CPU
		{3570E470-32B5-47FC-888E-74E53AFE629A}.Debug|x64.ActiveCfg = Debug|Any CPU
		{3570E470-32B5-47FC-888E-74E53AFE629A}.Debug|x64.Build.0 = Debug|Any CPU
		{3570E470-32B5-47FC-888E-74E53AFE629A}.Debug|x86.ActiveCfg = Debug|Any CPU
		{3570E470-32B5-47FC-888E-74E53AFE629A}.Debug|x86.Build.0 = Debug|Any CPU
		{3570E470-32B5-47FC-888E-74E53AFE629A}.Release|Any CPU.ActiveCfg = Release|Any CPU
		{3570E470-32B5-47FC-888E-74E53AFE629A}.Release|Any CPU.Build.0 = Release|Any CPU
		{3570E470-32B5-47FC-888E-74E53AFE629A}.Release|x64.ActiveCfg = Release|Any CPU
		{3570E470-32B5-47FC-888E-74E53AFE629A}.Release|x64.Build.0 = Release|Any CPU
		{3570E470-32B5-47FC-888E-74E53AFE629A}.Release|x86.ActiveCfg = Release|Any CPU
		{3570E470-32B5-47FC-888E-74E53AFE629A}.Release|x86.Build.0 = Release|Any CPU
		{BD8EDF43-D1A3-4B58-9204-EC876F7E1888}.Debug|Any CPU.ActiveCfg = Debug|Any CPU
		{BD8EDF43-D1A3-4B58-9204-EC876F7E1888}.Debug|Any CPU.Build.0 = Debug|Any CPU
		{BD8EDF43-D1A3-4B58-9204-EC876F7E1888}.Debug|x64.ActiveCfg = Debug|Any CPU
		{BD8EDF43-D1A3-4B58-9204-EC876F7E1888}.Debug|x64.Build.0 = Debug|Any CPU
		{BD8EDF43-D1A3-4B58-9204-EC876F7E1888}.Debug|x86.ActiveCfg = Debug|Any CPU
		{BD8EDF43-D1A3-4B58-9204-EC876F7E1888}.Debug|x86.Build.0 = Debug|Any CPU
		{BD8EDF43-D1A3-4B58-9204-EC876F7E1888}.Release|Any CPU.ActiveCfg = Release|Any CPU
		{BD8EDF43-D1A3-4B58-9204-EC876F7E1888}.Release|Any CPU.Build.0 = Release|Any CPU
		{BD8EDF43-D1A3-4B58-9204-EC876F7E1888}.Release|x64.ActiveCfg = Release|Any CPU
		{BD8EDF43-D1A3-4B58-9204-EC876F7E1888}.Release|x64.Build.0 = Release|Any CPU
		{BD8EDF43-D1A3-4B58-9204-EC876F7E1888}.Release|x86.ActiveCfg = Release|Any CPU
		{BD8EDF43-D1A3-4B58-9204-EC876F7E1888}.Release|x86.Build.0 = Release|Any CPU
		{F7B76D6E-94AA-4B8C-A2C7-C528684885DA}.Debug|Any CPU.ActiveCfg = Debug|Any CPU
		{F7B76D6E-94AA-4B8C-A2C7-C528684885DA}.Debug|Any CPU.Build.0 = Debug|Any CPU
		{F7B76D6E-94AA-4B8C-A2C7-C528684885DA}.Debug|x64.ActiveCfg = Debug|Any CPU
		{F7B76D6E-94AA-4B8C-A2C7-C528684885DA}.Debug|x64.Build.0 = Debug|Any CPU
		{F7B76D6E-94AA-4B8C-A2C7-C528684885DA}.Debug|x86.ActiveCfg = Debug|Any CPU
		{F7B76D6E-94AA-4B8C-A2C7-C528684885DA}.Debug|x86.Build.0 = Debug|Any CPU
		{F7B76D6E-94AA-4B8C-A2C7-C528684885DA}.Release|Any CPU.ActiveCfg = Release|Any CPU
		{F7B76D6E-94AA-4B8C-A2C7-C528684885DA}.Release|Any CPU.Build.0 = Release|Any CPU
		{F7B76D6E-94AA-4B8C-A2C7-C528684885DA}.Release|x64.ActiveCfg = Release|Any CPU
		{F7B76D6E-94AA-4B8C-A2C7-C528684885DA}.Release|x64.Build.0 = Release|Any CPU
		{F7B76D6E-94AA-4B8C-A2C7-C528684885DA}.Release|x86.ActiveCfg = Release|Any CPU
		{F7B76D6E-94AA-4B8C-A2C7-C528684885DA}.Release|x86.Build.0 = Release|Any CPU
		{68A11BA4-B656-49EB-B72B-1B732B1ECCC0}.Debug|Any CPU.ActiveCfg = Debug|Any CPU
		{68A11BA4-B656-49EB-B72B-1B732B1ECCC0}.Debug|Any CPU.Build.0 = Debug|Any CPU
		{68A11BA4-B656-49EB-B72B-1B732B1ECCC0}.Debug|x64.ActiveCfg = Debug|Any CPU
		{68A11BA4-B656-49EB-B72B-1B732B1ECCC0}.Debug|x64.Build.0 = Debug|Any CPU
		{68A11BA4-B656-49EB-B72B-1B732B1ECCC0}.Debug|x86.ActiveCfg = Debug|Any CPU
		{68A11BA4-B656-49EB-B72B-1B732B1ECCC0}.Debug|x86.Build.0 = Debug|Any CPU
		{68A11BA4-B656-49EB-B72B-1B732B1ECCC0}.Release|Any CPU.ActiveCfg = Release|Any CPU
		{68A11BA4-B656-49EB-B72B-1B732B1ECCC0}.Release|Any CPU.Build.0 = Release|Any CPU
		{68A11BA4-B656-49EB-B72B-1B732B1ECCC0}.Release|x64.ActiveCfg = Release|Any CPU
		{68A11BA4-B656-49EB-B72B-1B732B1ECCC0}.Release|x64.Build.0 = Release|Any CPU
		{68A11BA4-B656-49EB-B72B-1B732B1ECCC0}.Release|x86.ActiveCfg = Release|Any CPU
		{68A11BA4-B656-49EB-B72B-1B732B1ECCC0}.Release|x86.Build.0 = Release|Any CPU
	EndGlobalSection
	GlobalSection(SolutionProperties) = preSolution
		HideSolutionNode = FALSE
	EndGlobalSection
EndGlobal
